
Microsoft Visual Studio Solution File, Format Version 12.00
# Visual Studio 14
VisualStudioVersion = 14.0.24720.0
MinimumVisualStudioVersion = 10.0.40219.1
Project("{2150E333-8FDC-42A3-9474-1A3956D46DE8}") = "02 - Negocio", "02 - Negocio", "{862098EC-AE45-42CB-9B27-A135C883DC93}"
EndProject
Project("{2150E333-8FDC-42A3-9474-1A3956D46DE8}") = "01 - Presentacion", "01 - Presentacion", "{09534A17-9DB0-435A-A61F-DA5B52276BA3}"
EndProject
Project("{FAE04EC0-301F-11D3-BF4B-00C04F79EFBC}") = "SVS.EF.Console", "SVS.EF.Console\SVS.EF.Console.csproj", "{509FB942-971F-4335-89DA-15DAEA4C98A9}"
EndProject
Project("{2150E333-8FDC-42A3-9474-1A3956D46DE8}") = "00 - Test Unitarios", "00 - Test Unitarios", "{3D2498E7-9698-4597-89F9-1C39DCFAF4FB}"
EndProject
Project("{FAE04EC0-301F-11D3-BF4B-00C04F79EFBC}") = "SVS.EF.Tests", "SVS.EF.Tests\SVS.EF.Tests.csproj", "{473B7F45-0794-44AE-A7F3-D2CB0F51A81A}"
EndProject
Project("{FAE04EC0-301F-11D3-BF4B-00C04F79EFBC}") = "SVS.EF.UI", "SVS.EF.UI\SVS.EF.UI.csproj", "{787AF9FC-2150-410E-A198-F2A63ED168F3}"
EndProject
Global
	GlobalSection(SolutionConfigurationPlatforms) = preSolution
		Debug|Any CPU = Debug|Any CPU
		Release|Any CPU = Release|Any CPU
	EndGlobalSection
	GlobalSection(ProjectConfigurationPlatforms) = postSolution
		{509FB942-971F-4335-89DA-15DAEA4C98A9}.Debug|Any CPU.ActiveCfg = Debug|Any CPU
		{509FB942-971F-4335-89DA-15DAEA4C98A9}.Debug|Any CPU.Build.0 = Debug|Any CPU
		{509FB942-971F-4335-89DA-15DAEA4C98A9}.Release|Any CPU.ActiveCfg = Release|Any CPU
		{509FB942-971F-4335-89DA-15DAEA4C98A9}.Release|Any CPU.Build.0 = Release|Any CPU
		{473B7F45-0794-44AE-A7F3-D2CB0F51A81A}.Debug|Any CPU.ActiveCfg = Debug|Any CPU
		{473B7F45-0794-44AE-A7F3-D2CB0F51A81A}.Debug|Any CPU.Build.0 = Debug|Any CPU
		{473B7F45-0794-44AE-A7F3-D2CB0F51A81A}.Release|Any CPU.ActiveCfg = Release|Any CPU
		{473B7F45-0794-44AE-A7F3-D2CB0F51A81A}.Release|Any CPU.Build.0 = Release|Any CPU
		{787AF9FC-2150-410E-A198-F2A63ED168F3}.Debug|Any CPU.ActiveCfg = Debug|Any CPU
		{787AF9FC-2150-410E-A198-F2A63ED168F3}.Debug|Any CPU.Build.0 = Debug|Any CPU
		{787AF9FC-2150-410E-A198-F2A63ED168F3}.Release|Any CPU.ActiveCfg = Release|Any CPU
		{787AF9FC-2150-410E-A198-F2A63ED168F3}.Release|Any CPU.Build.0 = Release|Any CPU
	EndGlobalSection
	GlobalSection(SolutionProperties) = preSolution
		HideSolutionNode = FALSE
	EndGlobalSection
	GlobalSection(NestedProjects) = preSolution
		{509FB942-971F-4335-89DA-15DAEA4C98A9} = {09534A17-9DB0-435A-A61F-DA5B52276BA3}
		{473B7F45-0794-44AE-A7F3-D2CB0F51A81A} = {3D2498E7-9698-4597-89F9-1C39DCFAF4FB}
		{787AF9FC-2150-410E-A198-F2A63ED168F3} = {09534A17-9DB0-435A-A61F-DA5B52276BA3}
	EndGlobalSection
EndGlobal
