
Microsoft Visual Studio Solution File, Format Version 12.00
# Visual Studio 14
VisualStudioVersion = 14.0.23107.0
MinimumVisualStudioVersion = 10.0.40219.1
Project("{2150E333-8FDC-42A3-9474-1A3956D46DE8}") = "03 - Database", "03 - Database", "{46BBC7D5-2256-4172-A178-283AE64AA0ED}"
EndProject
Project("{FAE04EC0-301F-11D3-BF4B-00C04F79EFBC}") = "SVS.Database", "SVS.Database\SVS.Database.csproj", "{4ECF3228-79A0-42B8-9D80-5B6770494A62}"
EndProject
Project("{2150E333-8FDC-42A3-9474-1A3956D46DE8}") = "00 - Unit Tests", "00 - Unit Tests", "{D8D307D9-F31F-414F-8DF6-2246FE1717B5}"
EndProject
Project("{FAE04EC0-301F-11D3-BF4B-00C04F79EFBC}") = "SVS.Database.UnitTests", "SVS.Database.UnitTests\SVS.Database.UnitTests.csproj", "{807EC50F-E99F-4B67-A4EF-A5EB8BFD79B6}"
EndProject
Project("{2150E333-8FDC-42A3-9474-1A3956D46DE8}") = "A", "A", "{F9EEA737-1E58-4288-B169-0E24AACABD08}"
EndProject
Project("{FAE04EC0-301F-11D3-BF4B-00C04F79EFBC}") = "SVS.Database.EF.AE", "SVS.Database.EF.AE\SVS.Database.EF.AE.csproj", "{8009B5D7-2C76-45C0-A0CA-21027ABB192B}"
EndProject
Project("{FAE04EC0-301F-11D3-BF4B-00C04F79EFBC}") = "SVS.Database.EF.AE.Entities", "SVS.Database.EF.AE.Entities\SVS.Database.EF.AE.Entities.csproj", "{4C19D0AE-D070-409B-99C4-66401744786D}"
EndProject
Project("{2150E333-8FDC-42A3-9474-1A3956D46DE8}") = "01 - Presentacion", "01 - Presentacion", "{0FE99F3D-C233-42D5-8F24-703BD7533A12}"
EndProject
Project("{2150E333-8FDC-42A3-9474-1A3956D46DE8}") = "02 - Negocio", "02 - Negocio", "{13E1EF81-F653-4E75-9827-030D2AA740BD}"
EndProject
Project("{FAE04EC0-301F-11D3-BF4B-00C04F79EFBC}") = "SVS.Negocio", "SVS.Negocio\SVS.Negocio.csproj", "{0E0AF61C-AE67-4026-9658-929F2568E532}"
EndProject
Project("{FAE04EC0-301F-11D3-BF4B-00C04F79EFBC}") = "SVS.Database.EF", "SVS.Database.EF\SVS.Database.EF.csproj", "{973C8C1C-4B2D-4633-8CBF-7354B7E8794B}"
EndProject
Global
	GlobalSection(SolutionConfigurationPlatforms) = preSolution
		Debug|Any CPU = Debug|Any CPU
		Release|Any CPU = Release|Any CPU
	EndGlobalSection
	GlobalSection(ProjectConfigurationPlatforms) = postSolution
		{4ECF3228-79A0-42B8-9D80-5B6770494A62}.Debug|Any CPU.ActiveCfg = Debug|Any CPU
		{4ECF3228-79A0-42B8-9D80-5B6770494A62}.Debug|Any CPU.Build.0 = Debug|Any CPU
		{4ECF3228-79A0-42B8-9D80-5B6770494A62}.Release|Any CPU.ActiveCfg = Release|Any CPU
		{4ECF3228-79A0-42B8-9D80-5B6770494A62}.Release|Any CPU.Build.0 = Release|Any CPU
		{807EC50F-E99F-4B67-A4EF-A5EB8BFD79B6}.Debug|Any CPU.ActiveCfg = Debug|Any CPU
		{807EC50F-E99F-4B67-A4EF-A5EB8BFD79B6}.Debug|Any CPU.Build.0 = Debug|Any CPU
		{807EC50F-E99F-4B67-A4EF-A5EB8BFD79B6}.Release|Any CPU.ActiveCfg = Release|Any CPU
		{807EC50F-E99F-4B67-A4EF-A5EB8BFD79B6}.Release|Any CPU.Build.0 = Release|Any CPU
		{8009B5D7-2C76-45C0-A0CA-21027ABB192B}.Debug|Any CPU.ActiveCfg = Debug|Any CPU
		{8009B5D7-2C76-45C0-A0CA-21027ABB192B}.Debug|Any CPU.Build.0 = Debug|Any CPU
		{8009B5D7-2C76-45C0-A0CA-21027ABB192B}.Release|Any CPU.ActiveCfg = Release|Any CPU
		{8009B5D7-2C76-45C0-A0CA-21027ABB192B}.Release|Any CPU.Build.0 = Release|Any CPU
		{4C19D0AE-D070-409B-99C4-66401744786D}.Debug|Any CPU.ActiveCfg = Debug|Any CPU
		{4C19D0AE-D070-409B-99C4-66401744786D}.Debug|Any CPU.Build.0 = Debug|Any CPU
		{4C19D0AE-D070-409B-99C4-66401744786D}.Release|Any CPU.ActiveCfg = Release|Any CPU
		{4C19D0AE-D070-409B-99C4-66401744786D}.Release|Any CPU.Build.0 = Release|Any CPU
		{0E0AF61C-AE67-4026-9658-929F2568E532}.Debug|Any CPU.ActiveCfg = Debug|Any CPU
		{0E0AF61C-AE67-4026-9658-929F2568E532}.Debug|Any CPU.Build.0 = Debug|Any CPU
		{0E0AF61C-AE67-4026-9658-929F2568E532}.Release|Any CPU.ActiveCfg = Release|Any CPU
		{0E0AF61C-AE67-4026-9658-929F2568E532}.Release|Any CPU.Build.0 = Release|Any CPU
		{973C8C1C-4B2D-4633-8CBF-7354B7E8794B}.Debug|Any CPU.ActiveCfg = Debug|Any CPU
		{973C8C1C-4B2D-4633-8CBF-7354B7E8794B}.Debug|Any CPU.Build.0 = Debug|Any CPU
		{973C8C1C-4B2D-4633-8CBF-7354B7E8794B}.Release|Any CPU.ActiveCfg = Release|Any CPU
		{973C8C1C-4B2D-4633-8CBF-7354B7E8794B}.Release|Any CPU.Build.0 = Release|Any CPU
	EndGlobalSection
	GlobalSection(SolutionProperties) = preSolution
		HideSolutionNode = FALSE
	EndGlobalSection
	GlobalSection(NestedProjects) = preSolution
		{4ECF3228-79A0-42B8-9D80-5B6770494A62} = {46BBC7D5-2256-4172-A178-283AE64AA0ED}
		{807EC50F-E99F-4B67-A4EF-A5EB8BFD79B6} = {D8D307D9-F31F-414F-8DF6-2246FE1717B5}
		{F9EEA737-1E58-4288-B169-0E24AACABD08} = {46BBC7D5-2256-4172-A178-283AE64AA0ED}
		{8009B5D7-2C76-45C0-A0CA-21027ABB192B} = {F9EEA737-1E58-4288-B169-0E24AACABD08}
		{4C19D0AE-D070-409B-99C4-66401744786D} = {F9EEA737-1E58-4288-B169-0E24AACABD08}
		{0E0AF61C-AE67-4026-9658-929F2568E532} = {13E1EF81-F653-4E75-9827-030D2AA740BD}
		{973C8C1C-4B2D-4633-8CBF-7354B7E8794B} = {46BBC7D5-2256-4172-A178-283AE64AA0ED}
	EndGlobalSection
EndGlobal
