
Microsoft Visual Studio Solution File, Format Version 12.00
# Visual Studio 14
VisualStudioVersion = 14.0.25420.1
MinimumVisualStudioVersion = 10.0.40219.1
Project("{2150E333-8FDC-42A3-9474-1A3956D46DE8}") = "03 - Database", "03 - Database", "{46BBC7D5-2256-4172-A178-283AE64AA0ED}"
EndProject
Project("{FAE04EC0-301F-11D3-BF4B-00C04F79EFBC}") = "SVS.Database", "SVS.Database\SVS.Database.csproj", "{4ECF3228-79A0-42B8-9D80-5B6770494A62}"
EndProject
Project("{2150E333-8FDC-42A3-9474-1A3956D46DE8}") = "00 - Unit Tests", "00 - Unit Tests", "{D8D307D9-F31F-414F-8DF6-2246FE1717B5}"
EndProject
Project("{FAE04EC0-301F-11D3-BF4B-00C04F79EFBC}") = "SVS.Database.UnitTests", "SVS.Database.UnitTests\SVS.Database.UnitTests.csproj", "{807EC50F-E99F-4B67-A4EF-A5EB8BFD79B6}"
EndProject
Project("{2150E333-8FDC-42A3-9474-1A3956D46DE8}") = "Yordy", "Yordy", "{E3777A32-84A9-4584-B521-FAA47AA1C0C1}"
EndProject
Project("{FAE04EC0-301F-11D3-BF4B-00C04F79EFBC}") = "SVS.Database.EF.JY", "SVS.Database.EF.JY\SVS.Database.EF.JY.csproj", "{69E9C27A-00FE-44E7-A5E0-69C8D24AF476}"
EndProject
Project("{FAE04EC0-301F-11D3-BF4B-00C04F79EFBC}") = "SVS.Database.EF.JY.Entidades", "SVS.Database.EF.JY.Entidades\SVS.Database.EF.JY.Entidades.csproj", "{04B357C2-CC69-4B9B-B453-8C31ED8272FE}"
EndProject
Global
	GlobalSection(SolutionConfigurationPlatforms) = preSolution
		Debug|Any CPU = Debug|Any CPU
		Release|Any CPU = Release|Any CPU
	EndGlobalSection
	GlobalSection(ProjectConfigurationPlatforms) = postSolution
		{4ECF3228-79A0-42B8-9D80-5B6770494A62}.Debug|Any CPU.ActiveCfg = Debug|Any CPU
		{4ECF3228-79A0-42B8-9D80-5B6770494A62}.Debug|Any CPU.Build.0 = Debug|Any CPU
		{4ECF3228-79A0-42B8-9D80-5B6770494A62}.Release|Any CPU.ActiveCfg = Release|Any CPU
		{4ECF3228-79A0-42B8-9D80-5B6770494A62}.Release|Any CPU.Build.0 = Release|Any CPU
		{807EC50F-E99F-4B67-A4EF-A5EB8BFD79B6}.Debug|Any CPU.ActiveCfg = Debug|Any CPU
		{807EC50F-E99F-4B67-A4EF-A5EB8BFD79B6}.Debug|Any CPU.Build.0 = Debug|Any CPU
		{807EC50F-E99F-4B67-A4EF-A5EB8BFD79B6}.Release|Any CPU.ActiveCfg = Release|Any CPU
		{807EC50F-E99F-4B67-A4EF-A5EB8BFD79B6}.Release|Any CPU.Build.0 = Release|Any CPU
		{69E9C27A-00FE-44E7-A5E0-69C8D24AF476}.Debug|Any CPU.ActiveCfg = Debug|Any CPU
		{69E9C27A-00FE-44E7-A5E0-69C8D24AF476}.Debug|Any CPU.Build.0 = Debug|Any CPU
		{69E9C27A-00FE-44E7-A5E0-69C8D24AF476}.Release|Any CPU.ActiveCfg = Release|Any CPU
		{69E9C27A-00FE-44E7-A5E0-69C8D24AF476}.Release|Any CPU.Build.0 = Release|Any CPU
		{04B357C2-CC69-4B9B-B453-8C31ED8272FE}.Debug|Any CPU.ActiveCfg = Debug|Any CPU
		{04B357C2-CC69-4B9B-B453-8C31ED8272FE}.Debug|Any CPU.Build.0 = Debug|Any CPU
		{04B357C2-CC69-4B9B-B453-8C31ED8272FE}.Release|Any CPU.ActiveCfg = Release|Any CPU
		{04B357C2-CC69-4B9B-B453-8C31ED8272FE}.Release|Any CPU.Build.0 = Release|Any CPU
	EndGlobalSection
	GlobalSection(SolutionProperties) = preSolution
		HideSolutionNode = FALSE
	EndGlobalSection
	GlobalSection(NestedProjects) = preSolution
		{4ECF3228-79A0-42B8-9D80-5B6770494A62} = {46BBC7D5-2256-4172-A178-283AE64AA0ED}
		{807EC50F-E99F-4B67-A4EF-A5EB8BFD79B6} = {D8D307D9-F31F-414F-8DF6-2246FE1717B5}
		{E3777A32-84A9-4584-B521-FAA47AA1C0C1} = {46BBC7D5-2256-4172-A178-283AE64AA0ED}
		{69E9C27A-00FE-44E7-A5E0-69C8D24AF476} = {E3777A32-84A9-4584-B521-FAA47AA1C0C1}
		{04B357C2-CC69-4B9B-B453-8C31ED8272FE} = {E3777A32-84A9-4584-B521-FAA47AA1C0C1}
	EndGlobalSection
EndGlobal
