
Microsoft Visual Studio Solution File, Format Version 12.00
# Visual Studio 14
VisualStudioVersion = 14.0.24720.0
MinimumVisualStudioVersion = 10.0.40219.1
Project("{FAE04EC0-301F-11D3-BF4B-00C04F79EFBC}") = "ConsoleApplication1", "ConsoleApplication1\ConsoleApplication1.csproj", "{66676F4F-036E-4D7A-B2EC-2F431CF37EE0}"
EndProject
Project("{FAE04EC0-301F-11D3-BF4B-00C04F79EFBC}") = "Max", "Max\Max.csproj", "{DD16B460-6698-46F2-B2F4-C013364CBA25}"
EndProject
Project("{2150E333-8FDC-42A3-9474-1A3956D46DE8}") = "Herencia", "Herencia", "{B266376A-9B3F-478B-9E8E-7A8838CA22EF}"
	ProjectSection(SolutionItems) = preProject
		Saludos.txt = Saludos.txt
	EndProjectSection
EndProject
Project("{2150E333-8FDC-42A3-9474-1A3956D46DE8}") = "PRUEBA", "PRUEBA", "{97C63684-4E88-4634-AD04-A9751D68E9FF}"
	ProjectSection(SolutionItems) = preProject
		PRUEBA1.txt = PRUEBA1.txt
	EndProjectSection
EndProject
Project("{2150E333-8FDC-42A3-9474-1A3956D46DE8}") = "01 - Builders", "01 - Builders", "{4BA91BF0-874A-4EA7-8096-AFCA8B519838}"
EndProject
Project("{FAE04EC0-301F-11D3-BF4B-00C04F79EFBC}") = "POO.Builders", "POO.Builders\POO.Builders.csproj", "{6C7C7250-FBC6-48CA-96C2-44F98CA05CFA}"
EndProject
Project("{2150E333-8FDC-42A3-9474-1A3956D46DE8}") = "Unit Tests", "Unit Tests", "{E95D7015-AB79-47F2-A96D-45F135E1A085}"
EndProject
Project("{FAE04EC0-301F-11D3-BF4B-00C04F79EFBC}") = "POO.Tests", "POO.Tests\POO.Tests.csproj", "{EBDCEE75-BBAC-4E8D-9099-901B8B1A23ED}"
EndProject
Project("{2150E333-8FDC-42A3-9474-1A3956D46DE8}") = "02 - Interfaces, Clases Abstractas", "02 - Interfaces, Clases Abstractas", "{A063C01E-28B3-447E-B691-503078DD3737}"
EndProject
Project("{FAE04EC0-301F-11D3-BF4B-00C04F79EFBC}") = "POO.Interfaces", "POO.Interfaces\POO.Interfaces.csproj", "{6596921C-5935-458E-8C65-37B67A988D42}"
EndProject
Project("{FAE04EC0-301F-11D3-BF4B-00C04F79EFBC}") = "POO.Abstract", "POO.Abstract\POO.Abstract.csproj", "{9C1EC9DC-1D11-4C5B-883A-6738E7D37A77}"
EndProject
Project("{2150E333-8FDC-42A3-9474-1A3956D46DE8}") = "Interfaces y Clases Abstractas", "Interfaces y Clases Abstractas", "{3C5645AB-2E64-4CC4-B59D-0226EBA3C337}"
EndProject
Project("{FAE04EC0-301F-11D3-BF4B-00C04F79EFBC}") = "POO.Abstract.Tests", "POO.Abstract.Tests\POO.Abstract.Tests.csproj", "{75F0517C-EAF8-4340-B56B-10ABD3754B5A}"
EndProject
Project("{FAE04EC0-301F-11D3-BF4B-00C04F79EFBC}") = "POO.Interface.Tests", "POO.Interface.Tests\POO.Interface.Tests.csproj", "{5AFDE59A-D69E-415F-B723-BDCDC7FDEBD6}"
EndProject
Global
	GlobalSection(SolutionConfigurationPlatforms) = preSolution
		Debug|Any CPU = Debug|Any CPU
		Release|Any CPU = Release|Any CPU
	EndGlobalSection
	GlobalSection(ProjectConfigurationPlatforms) = postSolution
		{66676F4F-036E-4D7A-B2EC-2F431CF37EE0}.Debug|Any CPU.ActiveCfg = Debug|Any CPU
		{66676F4F-036E-4D7A-B2EC-2F431CF37EE0}.Debug|Any CPU.Build.0 = Debug|Any CPU
		{66676F4F-036E-4D7A-B2EC-2F431CF37EE0}.Release|Any CPU.ActiveCfg = Release|Any CPU
		{66676F4F-036E-4D7A-B2EC-2F431CF37EE0}.Release|Any CPU.Build.0 = Release|Any CPU
		{DD16B460-6698-46F2-B2F4-C013364CBA25}.Debug|Any CPU.ActiveCfg = Debug|Any CPU
		{DD16B460-6698-46F2-B2F4-C013364CBA25}.Debug|Any CPU.Build.0 = Debug|Any CPU
		{DD16B460-6698-46F2-B2F4-C013364CBA25}.Release|Any CPU.ActiveCfg = Release|Any CPU
		{DD16B460-6698-46F2-B2F4-C013364CBA25}.Release|Any CPU.Build.0 = Release|Any CPU
		{6C7C7250-FBC6-48CA-96C2-44F98CA05CFA}.Debug|Any CPU.ActiveCfg = Debug|Any CPU
		{6C7C7250-FBC6-48CA-96C2-44F98CA05CFA}.Debug|Any CPU.Build.0 = Debug|Any CPU
		{6C7C7250-FBC6-48CA-96C2-44F98CA05CFA}.Release|Any CPU.ActiveCfg = Release|Any CPU
		{6C7C7250-FBC6-48CA-96C2-44F98CA05CFA}.Release|Any CPU.Build.0 = Release|Any CPU
		{EBDCEE75-BBAC-4E8D-9099-901B8B1A23ED}.Debug|Any CPU.ActiveCfg = Debug|Any CPU
		{EBDCEE75-BBAC-4E8D-9099-901B8B1A23ED}.Debug|Any CPU.Build.0 = Debug|Any CPU
		{EBDCEE75-BBAC-4E8D-9099-901B8B1A23ED}.Release|Any CPU.ActiveCfg = Release|Any CPU
		{EBDCEE75-BBAC-4E8D-9099-901B8B1A23ED}.Release|Any CPU.Build.0 = Release|Any CPU
		{6596921C-5935-458E-8C65-37B67A988D42}.Debug|Any CPU.ActiveCfg = Debug|Any CPU
		{6596921C-5935-458E-8C65-37B67A988D42}.Debug|Any CPU.Build.0 = Debug|Any CPU
		{6596921C-5935-458E-8C65-37B67A988D42}.Release|Any CPU.ActiveCfg = Release|Any CPU
		{6596921C-5935-458E-8C65-37B67A988D42}.Release|Any CPU.Build.0 = Release|Any CPU
		{9C1EC9DC-1D11-4C5B-883A-6738E7D37A77}.Debug|Any CPU.ActiveCfg = Debug|Any CPU
		{9C1EC9DC-1D11-4C5B-883A-6738E7D37A77}.Debug|Any CPU.Build.0 = Debug|Any CPU
		{9C1EC9DC-1D11-4C5B-883A-6738E7D37A77}.Release|Any CPU.ActiveCfg = Release|Any CPU
		{9C1EC9DC-1D11-4C5B-883A-6738E7D37A77}.Release|Any CPU.Build.0 = Release|Any CPU
		{75F0517C-EAF8-4340-B56B-10ABD3754B5A}.Debug|Any CPU.ActiveCfg = Debug|Any CPU
		{75F0517C-EAF8-4340-B56B-10ABD3754B5A}.Debug|Any CPU.Build.0 = Debug|Any CPU
		{75F0517C-EAF8-4340-B56B-10ABD3754B5A}.Release|Any CPU.ActiveCfg = Release|Any CPU
		{75F0517C-EAF8-4340-B56B-10ABD3754B5A}.Release|Any CPU.Build.0 = Release|Any CPU
		{5AFDE59A-D69E-415F-B723-BDCDC7FDEBD6}.Debug|Any CPU.ActiveCfg = Debug|Any CPU
		{5AFDE59A-D69E-415F-B723-BDCDC7FDEBD6}.Debug|Any CPU.Build.0 = Debug|Any CPU
		{5AFDE59A-D69E-415F-B723-BDCDC7FDEBD6}.Release|Any CPU.ActiveCfg = Release|Any CPU
		{5AFDE59A-D69E-415F-B723-BDCDC7FDEBD6}.Release|Any CPU.Build.0 = Release|Any CPU
	EndGlobalSection
	GlobalSection(SolutionProperties) = preSolution
		HideSolutionNode = FALSE
	EndGlobalSection
	GlobalSection(NestedProjects) = preSolution
		{6C7C7250-FBC6-48CA-96C2-44F98CA05CFA} = {4BA91BF0-874A-4EA7-8096-AFCA8B519838}
		{EBDCEE75-BBAC-4E8D-9099-901B8B1A23ED} = {E95D7015-AB79-47F2-A96D-45F135E1A085}
		{6596921C-5935-458E-8C65-37B67A988D42} = {A063C01E-28B3-447E-B691-503078DD3737}
		{9C1EC9DC-1D11-4C5B-883A-6738E7D37A77} = {A063C01E-28B3-447E-B691-503078DD3737}
		{3C5645AB-2E64-4CC4-B59D-0226EBA3C337} = {E95D7015-AB79-47F2-A96D-45F135E1A085}
		{75F0517C-EAF8-4340-B56B-10ABD3754B5A} = {3C5645AB-2E64-4CC4-B59D-0226EBA3C337}
		{5AFDE59A-D69E-415F-B723-BDCDC7FDEBD6} = {3C5645AB-2E64-4CC4-B59D-0226EBA3C337}
	EndGlobalSection
EndGlobal
